
Microsoft Visual Studio Solution File, Format Version 12.00
# Visual Studio 15
VisualStudioVersion = 15.0.26730.16
MinimumVisualStudioVersion = 10.0.40219.1
Project("{FAE04EC0-301F-11D3-BF4B-00C04F79EFBC}") = "Inventory.Data", "Inventory.Data\Inventory.Data.csproj", "{B37B3940-BD53-4D50-B410-9262A8339FC2}"
EndProject
Project("{FAE04EC0-301F-11D3-BF4B-00C04F79EFBC}") = "Inventory.ConsoleClient", "Inventory.ConsoleClient\Inventory.ConsoleClient.csproj", "{EAA1D0A1-F60A-4D16-8C4B-3654ED1FCCB3}"
EndProject
Project("{FAE04EC0-301F-11D3-BF4B-00C04F79EFBC}") = "Inventory.Business", "Inventory.Business\Inventory.Business.csproj", "{C8E64EAA-2109-4DCD-B6A2-B6BDE76DD310}"
EndProject
Project("{FAE04EC0-301F-11D3-BF4B-00C04F79EFBC}") = "Inventory.Business.Entities", "Inventory.Business.Entities\Inventory.Business.Entities.csproj", "{23455DD4-E236-4D03-9A66-0E42DEAD65DC}"
EndProject
Project("{FAE04EC0-301F-11D3-BF4B-00C04F79EFBC}") = "Inventory.API", "Inventory.API\Inventory.API.csproj", "{68DF0916-28ED-4358-838E-8668DCC32545}"
EndProject
Global
	GlobalSection(SolutionConfigurationPlatforms) = preSolution
		Debug|Any CPU = Debug|Any CPU
		Release|Any CPU = Release|Any CPU
	EndGlobalSection
	GlobalSection(ProjectConfigurationPlatforms) = postSolution
		{B37B3940-BD53-4D50-B410-9262A8339FC2}.Debug|Any CPU.ActiveCfg = Debug|Any CPU
		{B37B3940-BD53-4D50-B410-9262A8339FC2}.Debug|Any CPU.Build.0 = Debug|Any CPU
		{B37B3940-BD53-4D50-B410-9262A8339FC2}.Release|Any CPU.ActiveCfg = Release|Any CPU
		{B37B3940-BD53-4D50-B410-9262A8339FC2}.Release|Any CPU.Build.0 = Release|Any CPU
		{EAA1D0A1-F60A-4D16-8C4B-3654ED1FCCB3}.Debug|Any CPU.ActiveCfg = Debug|Any CPU
		{EAA1D0A1-F60A-4D16-8C4B-3654ED1FCCB3}.Debug|Any CPU.Build.0 = Debug|Any CPU
		{EAA1D0A1-F60A-4D16-8C4B-3654ED1FCCB3}.Release|Any CPU.ActiveCfg = Release|Any CPU
		{EAA1D0A1-F60A-4D16-8C4B-3654ED1FCCB3}.Release|Any CPU.Build.0 = Release|Any CPU
		{C8E64EAA-2109-4DCD-B6A2-B6BDE76DD310}.Debug|Any CPU.ActiveCfg = Debug|Any CPU
		{C8E64EAA-2109-4DCD-B6A2-B6BDE76DD310}.Debug|Any CPU.Build.0 = Debug|Any CPU
		{C8E64EAA-2109-4DCD-B6A2-B6BDE76DD310}.Release|Any CPU.ActiveCfg = Release|Any CPU
		{C8E64EAA-2109-4DCD-B6A2-B6BDE76DD310}.Release|Any CPU.Build.0 = Release|Any CPU
		{23455DD4-E236-4D03-9A66-0E42DEAD65DC}.Debug|Any CPU.ActiveCfg = Debug|Any CPU
		{23455DD4-E236-4D03-9A66-0E42DEAD65DC}.Debug|Any CPU.Build.0 = Debug|Any CPU
		{23455DD4-E236-4D03-9A66-0E42DEAD65DC}.Release|Any CPU.ActiveCfg = Release|Any CPU
		{23455DD4-E236-4D03-9A66-0E42DEAD65DC}.Release|Any CPU.Build.0 = Release|Any CPU
		{68DF0916-28ED-4358-838E-8668DCC32545}.Debug|Any CPU.ActiveCfg = Debug|Any CPU
		{68DF0916-28ED-4358-838E-8668DCC32545}.Debug|Any CPU.Build.0 = Debug|Any CPU
		{68DF0916-28ED-4358-838E-8668DCC32545}.Release|Any CPU.ActiveCfg = Release|Any CPU
		{68DF0916-28ED-4358-838E-8668DCC32545}.Release|Any CPU.Build.0 = Release|Any CPU
	EndGlobalSection
	GlobalSection(SolutionProperties) = preSolution
		HideSolutionNode = FALSE
	EndGlobalSection
	GlobalSection(ExtensibilityGlobals) = postSolution
		SolutionGuid = {20091B3E-443E-45B4-B3F4-4D9B364AFB6C}
	EndGlobalSection
EndGlobal
